
Microsoft Visual Studio Solution File, Format Version 12.00
# Visual Studio Version 17
VisualStudioVersion = 17.3.32929.385
MinimumVisualStudioVersion = 10.0.40219.1
Project("{FAE04EC0-301F-11D3-BF4B-00C04F79EFBC}") = "WinFormsApp1", "WinFormsApp1\WinFormsApp1.csproj", "{0C763352-7B9A-4364-8628-4EA388015604}"
EndProject
Global
	GlobalSection(SolutionConfigurationPlatforms) = preSolution
		Debug|Any CPU = Debug|Any CPU
		Release|Any CPU = Release|Any CPU
	EndGlobalSection
	GlobalSection(ProjectConfigurationPlatforms) = postSolution
		{0C763352-7B9A-4364-8628-4EA388015604}.Debug|Any CPU.ActiveCfg = Debug|Any CPU
		{0C763352-7B9A-4364-8628-4EA388015604}.Debug|Any CPU.Build.0 = Debug|Any CPU
		{0C763352-7B9A-4364-8628-4EA388015604}.Release|Any CPU.ActiveCfg = Release|Any CPU
		{0C763352-7B9A-4364-8628-4EA388015604}.Release|Any CPU.Build.0 = Release|Any CPU
	EndGlobalSection
	GlobalSection(SolutionProperties) = preSolution
		HideSolutionNode = FALSE
	EndGlobalSection
	GlobalSection(ExtensibilityGlobals) = postSolution
		SolutionGuid = {E54E79C8-5574-47D5-A5FE-33EC539FF53C}
	EndGlobalSection
EndGlobal
